<?xml version="1.0" encoding="UTF-8"?>
<Project ToolsVersion="15.0" xmlns="http://schemas.microsoft.com/developer/msbuild/2003">
  <ItemGroup>
    <CustomBuild Include="F:\Zeiss\Demo\opencv\build\CMakeFiles\a173b8c2360d6387758b941c33f290df\INSTALL_force.rule">
      <Filter>CMake Rules</Filter>
    </CustomBuild>
  </ItemGroup>
  <ItemGroup>
    <Filter Include="CMake Rules">
      <UniqueIdentifier>{EB571612-7BC0-3052-9451-BF15B187231C}</UniqueIdentifier>
    </Filter>
  </ItemGroup>
</Project>
