<?xml version="1.0" encoding="UTF-8"?>
<Project ToolsVersion="15.0" xmlns="http://schemas.microsoft.com/developer/msbuild/2003">
  <ItemGroup>
    <ClCompile Include="F:\Zeiss\Demo\opencv\sources\apps\createsamples\createsamples.cpp">
      <Filter>Source Files</Filter>
    </ClCompile>
    <ClCompile Include="F:\Zeiss\Demo\opencv\sources\apps\createsamples\utility.cpp">
      <Filter>Source Files</Filter>
    </ClCompile>
  </ItemGroup>
  <ItemGroup>
    <ClInclude Include="F:\Zeiss\Demo\opencv\sources\apps\createsamples\utility.hpp">
      <Filter>Header Files</Filter>
    </ClInclude>
  </ItemGroup>
  <ItemGroup>
    <CustomBuild Include="F:\Zeiss\Demo\opencv\sources\apps\createsamples\CMakeLists.txt" />
  </ItemGroup>
  <ItemGroup>
    <Filter Include="Source Files">
      <UniqueIdentifier>{DEA384B8-3587-3FF8-8D8D-A41DF89514C4}</UniqueIdentifier>
    </Filter>
    <Filter Include="Header Files">
      <UniqueIdentifier>{21C52204-893A-34CA-84E2-4F97A0D6211A}</UniqueIdentifier>
    </Filter>
  </ItemGroup>
</Project>
