Microsoft Visual Studio Solution File, Format Version 12.00
# Visual Studio 15
Project("{2150E333-8FDC-42A3-9474-1A3956D46DE8}") = "3rdparty", "3rdparty", "{A7C95E65-18DA-39F5-A370-C89C3589313A}"
EndProject
Project("{2150E333-8FDC-42A3-9474-1A3956D46DE8}") = "CMakeTargets", "CMakeTargets", "{F2E0A892-5230-3123-A1FC-8CA0F78FD8DD}"
EndProject
Project("{2150E333-8FDC-42A3-9474-1A3956D46DE8}") = "applications", "applications", "{519C5032-CFFC-307D-9C51-DAFEA34BDFEE}"
EndProject
Project("{2150E333-8FDC-42A3-9474-1A3956D46DE8}") = "dispatched", "dispatched", "{5B7BDBEC-2B8F-3F83-A5AB-06FDCBA0D864}"
EndProject
Project("{2150E333-8FDC-42A3-9474-1A3956D46DE8}") = "modules", "modules", "{EA228ECB-2363-32ED-8F67-AA8E8139611E}"
EndProject
Project("{8BC9CEB8-8B4A-11D0-8D11-00A0C91BC942}") = "ALL_BUILD", "ALL_BUILD.vcxproj", "{5222C5AE-73E8-3626-B6E2-847D1EDD05FF}"
	ProjectSection(ProjectDependencies) = postProject
		{035100A1-A4FA-3522-AD96-0E46E77B99CF} = {035100A1-A4FA-3522-AD96-0E46E77B99CF}
		{DB0CFF39-7B66-313E-8A78-C6024FF048FE} = {DB0CFF39-7B66-313E-8A78-C6024FF048FE}
	EndProjectSection
EndProject
Project("{8BC9CEB8-8B4A-11D0-8D11-00A0C91BC942}") = "INSTALL", "INSTALL.vcxproj", "{61993630-7A6C-3C7C-8285-58DFA5D87A4C}"
	ProjectSection(ProjectDependencies) = postProject
		{5222C5AE-73E8-3626-B6E2-847D1EDD05FF} = {5222C5AE-73E8-3626-B6E2-847D1EDD05FF}
		{035100A1-A4FA-3522-AD96-0E46E77B99CF} = {035100A1-A4FA-3522-AD96-0E46E77B99CF}
	EndProjectSection
EndProject
Project("{8BC9CEB8-8B4A-11D0-8D11-00A0C91BC942}") = "IlmImf", "..\..\3rdparty\openexr\IlmImf.vcxproj", "{69F76676-BF7A-3CC2-9DA1-04F0EECFECE8}"
	ProjectSection(ProjectDependencies) = postProject
		{035100A1-A4FA-3522-AD96-0E46E77B99CF} = {035100A1-A4FA-3522-AD96-0E46E77B99CF}
		{36E28BA6-9DA8-312C-AE89-E7D5CB21D7E0} = {36E28BA6-9DA8-312C-AE89-E7D5CB21D7E0}
	EndProjectSection
EndProject
Project("{8BC9CEB8-8B4A-11D0-8D11-00A0C91BC942}") = "PACKAGE", "PACKAGE.vcxproj", "{77DD6FA0-CD88-31DE-AE92-99C3C19B1913}"
	ProjectSection(ProjectDependencies) = postProject
		{5222C5AE-73E8-3626-B6E2-847D1EDD05FF} = {5222C5AE-73E8-3626-B6E2-847D1EDD05FF}
		{035100A1-A4FA-3522-AD96-0E46E77B99CF} = {035100A1-A4FA-3522-AD96-0E46E77B99CF}
	EndProjectSection
EndProject
Project("{8BC9CEB8-8B4A-11D0-8D11-00A0C91BC942}") = "RUN_TESTS", "RUN_TESTS.vcxproj", "{02E42CE9-3F02-3264-B225-7C77CEA8257D}"
	ProjectSection(ProjectDependencies) = postProject
		{035100A1-A4FA-3522-AD96-0E46E77B99CF} = {035100A1-A4FA-3522-AD96-0E46E77B99CF}
	EndProjectSection
EndProject
Project("{8BC9CEB8-8B4A-11D0-8D11-00A0C91BC942}") = "ZERO_CHECK", "..\..\\ZERO_CHECK.vcxproj", "{035100A1-A4FA-3522-AD96-0E46E77B99CF}"
	ProjectSection(ProjectDependencies) = postProject
	EndProjectSection
EndProject
Project("{8BC9CEB8-8B4A-11D0-8D11-00A0C91BC942}") = "ittnotify", "..\..\3rdparty\ittnotify\ittnotify.vcxproj", "{E9F42ED4-2405-3F81-8DB9-149EE2782277}"
	ProjectSection(ProjectDependencies) = postProject
		{035100A1-A4FA-3522-AD96-0E46E77B99CF} = {035100A1-A4FA-3522-AD96-0E46E77B99CF}
	EndProjectSection
EndProject
Project("{8BC9CEB8-8B4A-11D0-8D11-00A0C91BC942}") = "libjasper", "..\..\3rdparty\libjasper\libjasper.vcxproj", "{E498D7CF-197C-3850-983C-48388C8CEE95}"
	ProjectSection(ProjectDependencies) = postProject
		{035100A1-A4FA-3522-AD96-0E46E77B99CF} = {035100A1-A4FA-3522-AD96-0E46E77B99CF}
	EndProjectSection
EndProject
Project("{8BC9CEB8-8B4A-11D0-8D11-00A0C91BC942}") = "libjpeg", "..\..\3rdparty\libjpeg\libjpeg.vcxproj", "{9E9B542A-5E47-32BD-9FB1-27F61771D647}"
	ProjectSection(ProjectDependencies) = postProject
		{035100A1-A4FA-3522-AD96-0E46E77B99CF} = {035100A1-A4FA-3522-AD96-0E46E77B99CF}
	EndProjectSection
EndProject
Project("{8BC9CEB8-8B4A-11D0-8D11-00A0C91BC942}") = "libpng", "..\..\3rdparty\libpng\libpng.vcxproj", "{E1E847A4-D104-3CFD-9EF1-1BDAA781C0AB}"
	ProjectSection(ProjectDependencies) = postProject
		{035100A1-A4FA-3522-AD96-0E46E77B99CF} = {035100A1-A4FA-3522-AD96-0E46E77B99CF}
		{36E28BA6-9DA8-312C-AE89-E7D5CB21D7E0} = {36E28BA6-9DA8-312C-AE89-E7D5CB21D7E0}
	EndProjectSection
EndProject
Project("{8BC9CEB8-8B4A-11D0-8D11-00A0C91BC942}") = "libtiff", "..\..\3rdparty\libtiff\libtiff.vcxproj", "{A66394D7-F1BA-30E2-8D23-13AECCBBD62A}"
	ProjectSection(ProjectDependencies) = postProject
		{035100A1-A4FA-3522-AD96-0E46E77B99CF} = {035100A1-A4FA-3522-AD96-0E46E77B99CF}
		{36E28BA6-9DA8-312C-AE89-E7D5CB21D7E0} = {36E28BA6-9DA8-312C-AE89-E7D5CB21D7E0}
	EndProjectSection
EndProject
Project("{8BC9CEB8-8B4A-11D0-8D11-00A0C91BC942}") = "libwebp", "..\..\3rdparty\libwebp\libwebp.vcxproj", "{ECADDB16-F9D1-3789-9CD2-FC29A81A64E9}"
	ProjectSection(ProjectDependencies) = postProject
		{035100A1-A4FA-3522-AD96-0E46E77B99CF} = {035100A1-A4FA-3522-AD96-0E46E77B99CF}
	EndProjectSection
EndProject
Project("{8BC9CEB8-8B4A-11D0-8D11-00A0C91BC942}") = "opencv_core", "..\..\modules\core\opencv_core.vcxproj", "{4A512562-EC79-3CE9-BCE9-81C34FFA13CB}"
	ProjectSection(ProjectDependencies) = postProject
		{035100A1-A4FA-3522-AD96-0E46E77B99CF} = {035100A1-A4FA-3522-AD96-0E46E77B99CF}
		{E9F42ED4-2405-3F81-8DB9-149EE2782277} = {E9F42ED4-2405-3F81-8DB9-149EE2782277}
		{B8D931FE-56C4-389F-AA29-098408C25C49} = {B8D931FE-56C4-389F-AA29-098408C25C49}
		{64CB7180-E1A8-3081-9883-4DC41FDC9446} = {64CB7180-E1A8-3081-9883-4DC41FDC9446}
		{0A2356AB-617D-3230-93F7-8527AD989511} = {0A2356AB-617D-3230-93F7-8527AD989511}
		{8AFDE60F-6D0E-37E7-B424-61878D86DD44} = {8AFDE60F-6D0E-37E7-B424-61878D86DD44}
		{1AC1823B-EF22-33C3-B622-839BFC43CE2A} = {1AC1823B-EF22-33C3-B622-839BFC43CE2A}
		{36E28BA6-9DA8-312C-AE89-E7D5CB21D7E0} = {36E28BA6-9DA8-312C-AE89-E7D5CB21D7E0}
	EndProjectSection
EndProject
Project("{8BC9CEB8-8B4A-11D0-8D11-00A0C91BC942}") = "opencv_core_AVX", "..\..\modules\core\opencv_core_AVX.vcxproj", "{B8D931FE-56C4-389F-AA29-098408C25C49}"
	ProjectSection(ProjectDependencies) = postProject
		{035100A1-A4FA-3522-AD96-0E46E77B99CF} = {035100A1-A4FA-3522-AD96-0E46E77B99CF}
	EndProjectSection
EndProject
Project("{8BC9CEB8-8B4A-11D0-8D11-00A0C91BC942}") = "opencv_core_AVX2", "..\..\modules\core\opencv_core_AVX2.vcxproj", "{64CB7180-E1A8-3081-9883-4DC41FDC9446}"
	ProjectSection(ProjectDependencies) = postProject
		{035100A1-A4FA-3522-AD96-0E46E77B99CF} = {035100A1-A4FA-3522-AD96-0E46E77B99CF}
	EndProjectSection
EndProject
Project("{8BC9CEB8-8B4A-11D0-8D11-00A0C91BC942}") = "opencv_core_FP16", "..\..\modules\core\opencv_core_FP16.vcxproj", "{0A2356AB-617D-3230-93F7-8527AD989511}"
	ProjectSection(ProjectDependencies) = postProject
		{035100A1-A4FA-3522-AD96-0E46E77B99CF} = {035100A1-A4FA-3522-AD96-0E46E77B99CF}
	EndProjectSection
EndProject
Project("{8BC9CEB8-8B4A-11D0-8D11-00A0C91BC942}") = "opencv_core_SSE4_1", "..\..\modules\core\opencv_core_SSE4_1.vcxproj", "{8AFDE60F-6D0E-37E7-B424-61878D86DD44}"
	ProjectSection(ProjectDependencies) = postProject
		{035100A1-A4FA-3522-AD96-0E46E77B99CF} = {035100A1-A4FA-3522-AD96-0E46E77B99CF}
	EndProjectSection
EndProject
Project("{8BC9CEB8-8B4A-11D0-8D11-00A0C91BC942}") = "opencv_core_SSE4_2", "..\..\modules\core\opencv_core_SSE4_2.vcxproj", "{1AC1823B-EF22-33C3-B622-839BFC43CE2A}"
	ProjectSection(ProjectDependencies) = postProject
		{035100A1-A4FA-3522-AD96-0E46E77B99CF} = {035100A1-A4FA-3522-AD96-0E46E77B99CF}
	EndProjectSection
EndProject
Project("{8BC9CEB8-8B4A-11D0-8D11-00A0C91BC942}") = "opencv_highgui", "..\..\modules\highgui\opencv_highgui.vcxproj", "{769BF3AA-9778-3AA3-9706-7A97053AF1F3}"
	ProjectSection(ProjectDependencies) = postProject
		{035100A1-A4FA-3522-AD96-0E46E77B99CF} = {035100A1-A4FA-3522-AD96-0E46E77B99CF}
		{4A512562-EC79-3CE9-BCE9-81C34FFA13CB} = {4A512562-EC79-3CE9-BCE9-81C34FFA13CB}
		{DF11DDDB-AA57-3995-A38A-D1EF9C96D402} = {DF11DDDB-AA57-3995-A38A-D1EF9C96D402}
		{98B31918-4EAC-3616-B87C-BE8DD1C5763B} = {98B31918-4EAC-3616-B87C-BE8DD1C5763B}
		{82AEFDA6-859F-3DE9-9E42-DEEEE0D831ED} = {82AEFDA6-859F-3DE9-9E42-DEEEE0D831ED}
	EndProjectSection
EndProject
Project("{8BC9CEB8-8B4A-11D0-8D11-00A0C91BC942}") = "opencv_imgcodecs", "..\..\modules\imgcodecs\opencv_imgcodecs.vcxproj", "{DF11DDDB-AA57-3995-A38A-D1EF9C96D402}"
	ProjectSection(ProjectDependencies) = postProject
		{69F76676-BF7A-3CC2-9DA1-04F0EECFECE8} = {69F76676-BF7A-3CC2-9DA1-04F0EECFECE8}
		{035100A1-A4FA-3522-AD96-0E46E77B99CF} = {035100A1-A4FA-3522-AD96-0E46E77B99CF}
		{E498D7CF-197C-3850-983C-48388C8CEE95} = {E498D7CF-197C-3850-983C-48388C8CEE95}
		{9E9B542A-5E47-32BD-9FB1-27F61771D647} = {9E9B542A-5E47-32BD-9FB1-27F61771D647}
		{E1E847A4-D104-3CFD-9EF1-1BDAA781C0AB} = {E1E847A4-D104-3CFD-9EF1-1BDAA781C0AB}
		{A66394D7-F1BA-30E2-8D23-13AECCBBD62A} = {A66394D7-F1BA-30E2-8D23-13AECCBBD62A}
		{ECADDB16-F9D1-3789-9CD2-FC29A81A64E9} = {ECADDB16-F9D1-3789-9CD2-FC29A81A64E9}
		{4A512562-EC79-3CE9-BCE9-81C34FFA13CB} = {4A512562-EC79-3CE9-BCE9-81C34FFA13CB}
		{98B31918-4EAC-3616-B87C-BE8DD1C5763B} = {98B31918-4EAC-3616-B87C-BE8DD1C5763B}
		{36E28BA6-9DA8-312C-AE89-E7D5CB21D7E0} = {36E28BA6-9DA8-312C-AE89-E7D5CB21D7E0}
	EndProjectSection
EndProject
Project("{8BC9CEB8-8B4A-11D0-8D11-00A0C91BC942}") = "opencv_imgproc", "..\..\modules\imgproc\opencv_imgproc.vcxproj", "{98B31918-4EAC-3616-B87C-BE8DD1C5763B}"
	ProjectSection(ProjectDependencies) = postProject
		{035100A1-A4FA-3522-AD96-0E46E77B99CF} = {035100A1-A4FA-3522-AD96-0E46E77B99CF}
		{4A512562-EC79-3CE9-BCE9-81C34FFA13CB} = {4A512562-EC79-3CE9-BCE9-81C34FFA13CB}
		{20612CB3-F76B-3725-8617-11C461600AC4} = {20612CB3-F76B-3725-8617-11C461600AC4}
		{7E421F38-B337-3417-B51F-FA320A9377E1} = {7E421F38-B337-3417-B51F-FA320A9377E1}
		{08D9877B-9693-37E1-8A73-952E3A8B728F} = {08D9877B-9693-37E1-8A73-952E3A8B728F}
	EndProjectSection
EndProject
Project("{8BC9CEB8-8B4A-11D0-8D11-00A0C91BC942}") = "opencv_imgproc_AVX", "..\..\modules\imgproc\opencv_imgproc_AVX.vcxproj", "{20612CB3-F76B-3725-8617-11C461600AC4}"
	ProjectSection(ProjectDependencies) = postProject
		{035100A1-A4FA-3522-AD96-0E46E77B99CF} = {035100A1-A4FA-3522-AD96-0E46E77B99CF}
	EndProjectSection
EndProject
Project("{8BC9CEB8-8B4A-11D0-8D11-00A0C91BC942}") = "opencv_imgproc_AVX2", "..\..\modules\imgproc\opencv_imgproc_AVX2.vcxproj", "{7E421F38-B337-3417-B51F-FA320A9377E1}"
	ProjectSection(ProjectDependencies) = postProject
		{035100A1-A4FA-3522-AD96-0E46E77B99CF} = {035100A1-A4FA-3522-AD96-0E46E77B99CF}
	EndProjectSection
EndProject
Project("{8BC9CEB8-8B4A-11D0-8D11-00A0C91BC942}") = "opencv_imgproc_SSE4_1", "..\..\modules\imgproc\opencv_imgproc_SSE4_1.vcxproj", "{08D9877B-9693-37E1-8A73-952E3A8B728F}"
	ProjectSection(ProjectDependencies) = postProject
		{035100A1-A4FA-3522-AD96-0E46E77B99CF} = {035100A1-A4FA-3522-AD96-0E46E77B99CF}
	EndProjectSection
EndProject
Project("{8BC9CEB8-8B4A-11D0-8D11-00A0C91BC942}") = "opencv_videoio", "..\..\modules\videoio\opencv_videoio.vcxproj", "{82AEFDA6-859F-3DE9-9E42-DEEEE0D831ED}"
	ProjectSection(ProjectDependencies) = postProject
		{035100A1-A4FA-3522-AD96-0E46E77B99CF} = {035100A1-A4FA-3522-AD96-0E46E77B99CF}
		{4A512562-EC79-3CE9-BCE9-81C34FFA13CB} = {4A512562-EC79-3CE9-BCE9-81C34FFA13CB}
		{DF11DDDB-AA57-3995-A38A-D1EF9C96D402} = {DF11DDDB-AA57-3995-A38A-D1EF9C96D402}
		{98B31918-4EAC-3616-B87C-BE8DD1C5763B} = {98B31918-4EAC-3616-B87C-BE8DD1C5763B}
	EndProjectSection
EndProject
Project("{8BC9CEB8-8B4A-11D0-8D11-00A0C91BC942}") = "opencv_visualisation", "opencv_visualisation.vcxproj", "{DB0CFF39-7B66-313E-8A78-C6024FF048FE}"
	ProjectSection(ProjectDependencies) = postProject
		{035100A1-A4FA-3522-AD96-0E46E77B99CF} = {035100A1-A4FA-3522-AD96-0E46E77B99CF}
		{4A512562-EC79-3CE9-BCE9-81C34FFA13CB} = {4A512562-EC79-3CE9-BCE9-81C34FFA13CB}
		{769BF3AA-9778-3AA3-9706-7A97053AF1F3} = {769BF3AA-9778-3AA3-9706-7A97053AF1F3}
		{DF11DDDB-AA57-3995-A38A-D1EF9C96D402} = {DF11DDDB-AA57-3995-A38A-D1EF9C96D402}
		{98B31918-4EAC-3616-B87C-BE8DD1C5763B} = {98B31918-4EAC-3616-B87C-BE8DD1C5763B}
		{82AEFDA6-859F-3DE9-9E42-DEEEE0D831ED} = {82AEFDA6-859F-3DE9-9E42-DEEEE0D831ED}
	EndProjectSection
EndProject
Project("{8BC9CEB8-8B4A-11D0-8D11-00A0C91BC942}") = "zlib", "..\..\3rdparty\zlib\zlib.vcxproj", "{36E28BA6-9DA8-312C-AE89-E7D5CB21D7E0}"
	ProjectSection(ProjectDependencies) = postProject
		{035100A1-A4FA-3522-AD96-0E46E77B99CF} = {035100A1-A4FA-3522-AD96-0E46E77B99CF}
	EndProjectSection
EndProject
Global
	GlobalSection(SolutionConfigurationPlatforms) = preSolution
		Debug|Win32 = Debug|Win32
		Release|Win32 = Release|Win32
	EndGlobalSection
	GlobalSection(ProjectConfigurationPlatforms) = postSolution
		{5222C5AE-73E8-3626-B6E2-847D1EDD05FF}.Debug|Win32.ActiveCfg = Debug|Win32
		{5222C5AE-73E8-3626-B6E2-847D1EDD05FF}.Debug|Win32.Build.0 = Debug|Win32
		{5222C5AE-73E8-3626-B6E2-847D1EDD05FF}.Release|Win32.ActiveCfg = Release|Win32
		{5222C5AE-73E8-3626-B6E2-847D1EDD05FF}.Release|Win32.Build.0 = Release|Win32
		{61993630-7A6C-3C7C-8285-58DFA5D87A4C}.Debug|Win32.ActiveCfg = Debug|Win32
		{61993630-7A6C-3C7C-8285-58DFA5D87A4C}.Release|Win32.ActiveCfg = Release|Win32
		{69F76676-BF7A-3CC2-9DA1-04F0EECFECE8}.Debug|Win32.ActiveCfg = Debug|Win32
		{69F76676-BF7A-3CC2-9DA1-04F0EECFECE8}.Debug|Win32.Build.0 = Debug|Win32
		{69F76676-BF7A-3CC2-9DA1-04F0EECFECE8}.Release|Win32.ActiveCfg = Release|Win32
		{69F76676-BF7A-3CC2-9DA1-04F0EECFECE8}.Release|Win32.Build.0 = Release|Win32
		{77DD6FA0-CD88-31DE-AE92-99C3C19B1913}.Debug|Win32.ActiveCfg = Debug|Win32
		{77DD6FA0-CD88-31DE-AE92-99C3C19B1913}.Release|Win32.ActiveCfg = Release|Win32
		{02E42CE9-3F02-3264-B225-7C77CEA8257D}.Debug|Win32.ActiveCfg = Debug|Win32
		{02E42CE9-3F02-3264-B225-7C77CEA8257D}.Release|Win32.ActiveCfg = Release|Win32
		{035100A1-A4FA-3522-AD96-0E46E77B99CF}.Debug|Win32.ActiveCfg = Debug|Win32
		{035100A1-A4FA-3522-AD96-0E46E77B99CF}.Debug|Win32.Build.0 = Debug|Win32
		{035100A1-A4FA-3522-AD96-0E46E77B99CF}.Release|Win32.ActiveCfg = Release|Win32
		{035100A1-A4FA-3522-AD96-0E46E77B99CF}.Release|Win32.Build.0 = Release|Win32
		{E9F42ED4-2405-3F81-8DB9-149EE2782277}.Debug|Win32.ActiveCfg = Debug|Win32
		{E9F42ED4-2405-3F81-8DB9-149EE2782277}.Debug|Win32.Build.0 = Debug|Win32
		{E9F42ED4-2405-3F81-8DB9-149EE2782277}.Release|Win32.ActiveCfg = Release|Win32
		{E9F42ED4-2405-3F81-8DB9-149EE2782277}.Release|Win32.Build.0 = Release|Win32
		{E498D7CF-197C-3850-983C-48388C8CEE95}.Debug|Win32.ActiveCfg = Debug|Win32
		{E498D7CF-197C-3850-983C-48388C8CEE95}.Debug|Win32.Build.0 = Debug|Win32
		{E498D7CF-197C-3850-983C-48388C8CEE95}.Release|Win32.ActiveCfg = Release|Win32
		{E498D7CF-197C-3850-983C-48388C8CEE95}.Release|Win32.Build.0 = Release|Win32
		{9E9B542A-5E47-32BD-9FB1-27F61771D647}.Debug|Win32.ActiveCfg = Debug|Win32
		{9E9B542A-5E47-32BD-9FB1-27F61771D647}.Debug|Win32.Build.0 = Debug|Win32
		{9E9B542A-5E47-32BD-9FB1-27F61771D647}.Release|Win32.ActiveCfg = Release|Win32
		{9E9B542A-5E47-32BD-9FB1-27F61771D647}.Release|Win32.Build.0 = Release|Win32
		{E1E847A4-D104-3CFD-9EF1-1BDAA781C0AB}.Debug|Win32.ActiveCfg = Debug|Win32
		{E1E847A4-D104-3CFD-9EF1-1BDAA781C0AB}.Debug|Win32.Build.0 = Debug|Win32
		{E1E847A4-D104-3CFD-9EF1-1BDAA781C0AB}.Release|Win32.ActiveCfg = Release|Win32
		{E1E847A4-D104-3CFD-9EF1-1BDAA781C0AB}.Release|Win32.Build.0 = Release|Win32
		{A66394D7-F1BA-30E2-8D23-13AECCBBD62A}.Debug|Win32.ActiveCfg = Debug|Win32
		{A66394D7-F1BA-30E2-8D23-13AECCBBD62A}.Debug|Win32.Build.0 = Debug|Win32
		{A66394D7-F1BA-30E2-8D23-13AECCBBD62A}.Release|Win32.ActiveCfg = Release|Win32
		{A66394D7-F1BA-30E2-8D23-13AECCBBD62A}.Release|Win32.Build.0 = Release|Win32
		{ECADDB16-F9D1-3789-9CD2-FC29A81A64E9}.Debug|Win32.ActiveCfg = Debug|Win32
		{ECADDB16-F9D1-3789-9CD2-FC29A81A64E9}.Debug|Win32.Build.0 = Debug|Win32
		{ECADDB16-F9D1-3789-9CD2-FC29A81A64E9}.Release|Win32.ActiveCfg = Release|Win32
		{ECADDB16-F9D1-3789-9CD2-FC29A81A64E9}.Release|Win32.Build.0 = Release|Win32
		{4A512562-EC79-3CE9-BCE9-81C34FFA13CB}.Debug|Win32.ActiveCfg = Debug|Win32
		{4A512562-EC79-3CE9-BCE9-81C34FFA13CB}.Debug|Win32.Build.0 = Debug|Win32
		{4A512562-EC79-3CE9-BCE9-81C34FFA13CB}.Release|Win32.ActiveCfg = Release|Win32
		{4A512562-EC79-3CE9-BCE9-81C34FFA13CB}.Release|Win32.Build.0 = Release|Win32
		{B8D931FE-56C4-389F-AA29-098408C25C49}.Debug|Win32.ActiveCfg = Debug|Win32
		{B8D931FE-56C4-389F-AA29-098408C25C49}.Debug|Win32.Build.0 = Debug|Win32
		{B8D931FE-56C4-389F-AA29-098408C25C49}.Release|Win32.ActiveCfg = Release|Win32
		{B8D931FE-56C4-389F-AA29-098408C25C49}.Release|Win32.Build.0 = Release|Win32
		{64CB7180-E1A8-3081-9883-4DC41FDC9446}.Debug|Win32.ActiveCfg = Debug|Win32
		{64CB7180-E1A8-3081-9883-4DC41FDC9446}.Debug|Win32.Build.0 = Debug|Win32
		{64CB7180-E1A8-3081-9883-4DC41FDC9446}.Release|Win32.ActiveCfg = Release|Win32
		{64CB7180-E1A8-3081-9883-4DC41FDC9446}.Release|Win32.Build.0 = Release|Win32
		{0A2356AB-617D-3230-93F7-8527AD989511}.Debug|Win32.ActiveCfg = Debug|Win32
		{0A2356AB-617D-3230-93F7-8527AD989511}.Debug|Win32.Build.0 = Debug|Win32
		{0A2356AB-617D-3230-93F7-8527AD989511}.Release|Win32.ActiveCfg = Release|Win32
		{0A2356AB-617D-3230-93F7-8527AD989511}.Release|Win32.Build.0 = Release|Win32
		{8AFDE60F-6D0E-37E7-B424-61878D86DD44}.Debug|Win32.ActiveCfg = Debug|Win32
		{8AFDE60F-6D0E-37E7-B424-61878D86DD44}.Debug|Win32.Build.0 = Debug|Win32
		{8AFDE60F-6D0E-37E7-B424-61878D86DD44}.Release|Win32.ActiveCfg = Release|Win32
		{8AFDE60F-6D0E-37E7-B424-61878D86DD44}.Release|Win32.Build.0 = Release|Win32
		{1AC1823B-EF22-33C3-B622-839BFC43CE2A}.Debug|Win32.ActiveCfg = Debug|Win32
		{1AC1823B-EF22-33C3-B622-839BFC43CE2A}.Debug|Win32.Build.0 = Debug|Win32
		{1AC1823B-EF22-33C3-B622-839BFC43CE2A}.Release|Win32.ActiveCfg = Release|Win32
		{1AC1823B-EF22-33C3-B622-839BFC43CE2A}.Release|Win32.Build.0 = Release|Win32
		{769BF3AA-9778-3AA3-9706-7A97053AF1F3}.Debug|Win32.ActiveCfg = Debug|Win32
		{769BF3AA-9778-3AA3-9706-7A97053AF1F3}.Debug|Win32.Build.0 = Debug|Win32
		{769BF3AA-9778-3AA3-9706-7A97053AF1F3}.Release|Win32.ActiveCfg = Release|Win32
		{769BF3AA-9778-3AA3-9706-7A97053AF1F3}.Release|Win32.Build.0 = Release|Win32
		{DF11DDDB-AA57-3995-A38A-D1EF9C96D402}.Debug|Win32.ActiveCfg = Debug|Win32
		{DF11DDDB-AA57-3995-A38A-D1EF9C96D402}.Debug|Win32.Build.0 = Debug|Win32
		{DF11DDDB-AA57-3995-A38A-D1EF9C96D402}.Release|Win32.ActiveCfg = Release|Win32
		{DF11DDDB-AA57-3995-A38A-D1EF9C96D402}.Release|Win32.Build.0 = Release|Win32
		{98B31918-4EAC-3616-B87C-BE8DD1C5763B}.Debug|Win32.ActiveCfg = Debug|Win32
		{98B31918-4EAC-3616-B87C-BE8DD1C5763B}.Debug|Win32.Build.0 = Debug|Win32
		{98B31918-4EAC-3616-B87C-BE8DD1C5763B}.Release|Win32.ActiveCfg = Release|Win32
		{98B31918-4EAC-3616-B87C-BE8DD1C5763B}.Release|Win32.Build.0 = Release|Win32
		{20612CB3-F76B-3725-8617-11C461600AC4}.Debug|Win32.ActiveCfg = Debug|Win32
		{20612CB3-F76B-3725-8617-11C461600AC4}.Debug|Win32.Build.0 = Debug|Win32
		{20612CB3-F76B-3725-8617-11C461600AC4}.Release|Win32.ActiveCfg = Release|Win32
		{20612CB3-F76B-3725-8617-11C461600AC4}.Release|Win32.Build.0 = Release|Win32
		{7E421F38-B337-3417-B51F-FA320A9377E1}.Debug|Win32.ActiveCfg = Debug|Win32
		{7E421F38-B337-3417-B51F-FA320A9377E1}.Debug|Win32.Build.0 = Debug|Win32
		{7E421F38-B337-3417-B51F-FA320A9377E1}.Release|Win32.ActiveCfg = Release|Win32
		{7E421F38-B337-3417-B51F-FA320A9377E1}.Release|Win32.Build.0 = Release|Win32
		{08D9877B-9693-37E1-8A73-952E3A8B728F}.Debug|Win32.ActiveCfg = Debug|Win32
		{08D9877B-9693-37E1-8A73-952E3A8B728F}.Debug|Win32.Build.0 = Debug|Win32
		{08D9877B-9693-37E1-8A73-952E3A8B728F}.Release|Win32.ActiveCfg = Release|Win32
		{08D9877B-9693-37E1-8A73-952E3A8B728F}.Release|Win32.Build.0 = Release|Win32
		{82AEFDA6-859F-3DE9-9E42-DEEEE0D831ED}.Debug|Win32.ActiveCfg = Debug|Win32
		{82AEFDA6-859F-3DE9-9E42-DEEEE0D831ED}.Debug|Win32.Build.0 = Debug|Win32
		{82AEFDA6-859F-3DE9-9E42-DEEEE0D831ED}.Release|Win32.ActiveCfg = Release|Win32
		{82AEFDA6-859F-3DE9-9E42-DEEEE0D831ED}.Release|Win32.Build.0 = Release|Win32
		{DB0CFF39-7B66-313E-8A78-C6024FF048FE}.Debug|Win32.ActiveCfg = Debug|Win32
		{DB0CFF39-7B66-313E-8A78-C6024FF048FE}.Debug|Win32.Build.0 = Debug|Win32
		{DB0CFF39-7B66-313E-8A78-C6024FF048FE}.Release|Win32.ActiveCfg = Release|Win32
		{DB0CFF39-7B66-313E-8A78-C6024FF048FE}.Release|Win32.Build.0 = Release|Win32
		{36E28BA6-9DA8-312C-AE89-E7D5CB21D7E0}.Debug|Win32.ActiveCfg = Debug|Win32
		{36E28BA6-9DA8-312C-AE89-E7D5CB21D7E0}.Debug|Win32.Build.0 = Debug|Win32
		{36E28BA6-9DA8-312C-AE89-E7D5CB21D7E0}.Release|Win32.ActiveCfg = Release|Win32
		{36E28BA6-9DA8-312C-AE89-E7D5CB21D7E0}.Release|Win32.Build.0 = Release|Win32
	EndGlobalSection
	GlobalSection(NestedProjects) = preSolution
		{69F76676-BF7A-3CC2-9DA1-04F0EECFECE8} = {A7C95E65-18DA-39F5-A370-C89C3589313A}
		{E9F42ED4-2405-3F81-8DB9-149EE2782277} = {A7C95E65-18DA-39F5-A370-C89C3589313A}
		{E498D7CF-197C-3850-983C-48388C8CEE95} = {A7C95E65-18DA-39F5-A370-C89C3589313A}
		{9E9B542A-5E47-32BD-9FB1-27F61771D647} = {A7C95E65-18DA-39F5-A370-C89C3589313A}
		{E1E847A4-D104-3CFD-9EF1-1BDAA781C0AB} = {A7C95E65-18DA-39F5-A370-C89C3589313A}
		{A66394D7-F1BA-30E2-8D23-13AECCBBD62A} = {A7C95E65-18DA-39F5-A370-C89C3589313A}
		{ECADDB16-F9D1-3789-9CD2-FC29A81A64E9} = {A7C95E65-18DA-39F5-A370-C89C3589313A}
		{36E28BA6-9DA8-312C-AE89-E7D5CB21D7E0} = {A7C95E65-18DA-39F5-A370-C89C3589313A}
		{5222C5AE-73E8-3626-B6E2-847D1EDD05FF} = {F2E0A892-5230-3123-A1FC-8CA0F78FD8DD}
		{61993630-7A6C-3C7C-8285-58DFA5D87A4C} = {F2E0A892-5230-3123-A1FC-8CA0F78FD8DD}
		{77DD6FA0-CD88-31DE-AE92-99C3C19B1913} = {F2E0A892-5230-3123-A1FC-8CA0F78FD8DD}
		{02E42CE9-3F02-3264-B225-7C77CEA8257D} = {F2E0A892-5230-3123-A1FC-8CA0F78FD8DD}
		{035100A1-A4FA-3522-AD96-0E46E77B99CF} = {F2E0A892-5230-3123-A1FC-8CA0F78FD8DD}
		{DB0CFF39-7B66-313E-8A78-C6024FF048FE} = {519C5032-CFFC-307D-9C51-DAFEA34BDFEE}
		{B8D931FE-56C4-389F-AA29-098408C25C49} = {5B7BDBEC-2B8F-3F83-A5AB-06FDCBA0D864}
		{64CB7180-E1A8-3081-9883-4DC41FDC9446} = {5B7BDBEC-2B8F-3F83-A5AB-06FDCBA0D864}
		{0A2356AB-617D-3230-93F7-8527AD989511} = {5B7BDBEC-2B8F-3F83-A5AB-06FDCBA0D864}
		{8AFDE60F-6D0E-37E7-B424-61878D86DD44} = {5B7BDBEC-2B8F-3F83-A5AB-06FDCBA0D864}
		{1AC1823B-EF22-33C3-B622-839BFC43CE2A} = {5B7BDBEC-2B8F-3F83-A5AB-06FDCBA0D864}
		{20612CB3-F76B-3725-8617-11C461600AC4} = {5B7BDBEC-2B8F-3F83-A5AB-06FDCBA0D864}
		{7E421F38-B337-3417-B51F-FA320A9377E1} = {5B7BDBEC-2B8F-3F83-A5AB-06FDCBA0D864}
		{08D9877B-9693-37E1-8A73-952E3A8B728F} = {5B7BDBEC-2B8F-3F83-A5AB-06FDCBA0D864}
		{4A512562-EC79-3CE9-BCE9-81C34FFA13CB} = {EA228ECB-2363-32ED-8F67-AA8E8139611E}
		{769BF3AA-9778-3AA3-9706-7A97053AF1F3} = {EA228ECB-2363-32ED-8F67-AA8E8139611E}
		{DF11DDDB-AA57-3995-A38A-D1EF9C96D402} = {EA228ECB-2363-32ED-8F67-AA8E8139611E}
		{98B31918-4EAC-3616-B87C-BE8DD1C5763B} = {EA228ECB-2363-32ED-8F67-AA8E8139611E}
		{82AEFDA6-859F-3DE9-9E42-DEEEE0D831ED} = {EA228ECB-2363-32ED-8F67-AA8E8139611E}
	EndGlobalSection
	GlobalSection(ExtensibilityGlobals) = postSolution
		SolutionGuid = {0B497EF3-F88A-3E43-B88D-8B4C9FE8FCD1}
	EndGlobalSection
	GlobalSection(ExtensibilityAddIns) = postSolution
	EndGlobalSection
EndGlobal
